# THIS IS AN AUTOGENERATED FILE. DO NOT EDIT THIS FILE DIRECTLY.
# yarn lockfile v1


"@ampproject/remapping@^2.1.0":
  version "2.1.2"
  resolved "https://registry.npmjs.org/@ampproject/remapping/-/remapping-2.1.2.tgz"
  integrity sha512-hoyByceqwKirw7w3Z7gnIIZC3Wx3J484Y3L/cMpXFbr7d9ZQj2mODrirNzcJa+SM3UlpWXYvKV4RlRpFXlWgXg==
  dependencies:
    "@jridgewell/trace-mapping" "^0.3.0"

"@babel/cli@7.20.7":
  version "7.20.7"
  resolved "https://registry.npmjs.org/@babel/cli/-/cli-7.20.7.tgz"
  integrity sha512-WylgcELHB66WwQqItxNILsMlaTd8/SO6SgTTjMp4uCI7P4QyH1r3nqgFmO3BfM4AtfniHgFMH3EpYFj/zynBkQ==
  dependencies:
    "@jridgewell/trace-mapping" "^0.3.8"
    commander "^4.0.1"
    convert-source-map "^1.1.0"
    fs-readdir-recursive "^1.1.0"
    glob "^7.2.0"
    make-dir "^2.1.0"
    slash "^2.0.0"
  optionalDependencies:
    "@nicolo-ribaudo/chokidar-2" "2.1.8-no-fsevents.3"
    chokidar "^3.4.0"
